
Microsoft Visual Studio Solution File, Format Version 12.00
# Visual Studio Version 17
VisualStudioVersion = 17.10.35027.167
MinimumVisualStudioVersion = 10.0.40219.1
Project("{FAE04EC0-301F-11D3-BF4B-00C04F79EFBC}") = "webapbackend", "webapbackend\webapbackend.csproj", "{51E03D6B-FF12-4BD5-8436-BCD9C5250314}"
EndProject
Global
	GlobalSection(SolutionConfigurationPlatforms) = preSolution
		Debug|Any CPU = Debug|Any CPU
		Release|Any CPU = Release|Any CPU
	EndGlobalSection
	GlobalSection(ProjectConfigurationPlatforms) = postSolution
		{51E03D6B-FF12-4BD5-8436-BCD9C5250314}.Debug|Any CPU.ActiveCfg = Debug|Any CPU
		{51E03D6B-FF12-4BD5-8436-BCD9C5250314}.Debug|Any CPU.Build.0 = Debug|Any CPU
		{51E03D6B-FF12-4BD5-8436-BCD9C5250314}.Release|Any CPU.ActiveCfg = Release|Any CPU
		{51E03D6B-FF12-4BD5-8436-BCD9C5250314}.Release|Any CPU.Build.0 = Release|Any CPU
	EndGlobalSection
	GlobalSection(SolutionProperties) = preSolution
		HideSolutionNode = FALSE
	EndGlobalSection
	GlobalSection(ExtensibilityGlobals) = postSolution
		SolutionGuid = {719C550B-52D4-462E-92A6-221787177675}
	EndGlobalSection
EndGlobal
